
Microsoft Visual Studio Solution File, Format Version 12.00
# Visual Studio Version 17
VisualStudioVersion = 17.4.33205.214
MinimumVisualStudioVersion = 10.0.40219.1
Project("{FAE04EC0-301F-11D3-BF4B-00C04F79EFBC}") = "HW_WpfRevenueCalc2", "HW_WpfRevenueCalc2\HW_WpfRevenueCalc2.csproj", "{24C4FD3C-8182-49C0-83BA-90BF136A2DE9}"
EndProject
Global
	GlobalSection(SolutionConfigurationPlatforms) = preSolution
		Debug|Any CPU = Debug|Any CPU
		Release|Any CPU = Release|Any CPU
	EndGlobalSection
	GlobalSection(ProjectConfigurationPlatforms) = postSolution
		{24C4FD3C-8182-49C0-83BA-90BF136A2DE9}.Debug|Any CPU.ActiveCfg = Debug|Any CPU
		{24C4FD3C-8182-49C0-83BA-90BF136A2DE9}.Debug|Any CPU.Build.0 = Debug|Any CPU
		{24C4FD3C-8182-49C0-83BA-90BF136A2DE9}.Release|Any CPU.ActiveCfg = Release|Any CPU
		{24C4FD3C-8182-49C0-83BA-90BF136A2DE9}.Release|Any CPU.Build.0 = Release|Any CPU
	EndGlobalSection
	GlobalSection(SolutionProperties) = preSolution
		HideSolutionNode = FALSE
	EndGlobalSection
	GlobalSection(ExtensibilityGlobals) = postSolution
		SolutionGuid = {B7D3FEE2-6965-4F35-B89D-C4D45968932B}
	EndGlobalSection
EndGlobal
